
Microsoft Visual Studio Solution File, Format Version 12.00
# Visual Studio Version 16
VisualStudioVersion = 16.0.33529.622
MinimumVisualStudioVersion = 10.0.40219.1
Project("{FAE04EC0-301F-11D3-BF4B-00C04F79EFBC}") = "ByteCodeReader35", "ByteCodeReader\ByteCodeReader35.csproj", "{9622538C-03C9-4C26-A2AD-A2820B8116C5}"
EndProject
Project("{FAE04EC0-301F-11D3-BF4B-00C04F79EFBC}") = "Demo35", "Demo\Demo35.csproj", "{635BD0E3-164E-4BD5-9F3B-CCE452B47230}"
EndProject
Project("{2150E333-8FDC-42A3-9474-1A3956D46DE8}") = "Solution Items", "Solution Items", "{A988B9FF-2E27-4527-85BA-97F42B60A2AD}"
	ProjectSection(SolutionItems) = preProject
		.github\workflows\dotnet.yml = .github\workflows\dotnet.yml
		README.md = README.md
	EndProjectSection
EndProject
Global
	GlobalSection(SolutionConfigurationPlatforms) = preSolution
		Debug|Any CPU = Debug|Any CPU
		Debug|Mixed Platforms = Debug|Mixed Platforms
		Debug|x86 = Debug|x86
		Release|Any CPU = Release|Any CPU
		Release|Mixed Platforms = Release|Mixed Platforms
		Release|x86 = Release|x86
	EndGlobalSection
	GlobalSection(ProjectConfigurationPlatforms) = postSolution
		{9622538C-03C9-4C26-A2AD-A2820B8116C5}.Debug|Any CPU.ActiveCfg = Debug|Any CPU
		{9622538C-03C9-4C26-A2AD-A2820B8116C5}.Debug|Any CPU.Build.0 = Debug|Any CPU
		{9622538C-03C9-4C26-A2AD-A2820B8116C5}.Debug|Mixed Platforms.ActiveCfg = Debug|Any CPU
		{9622538C-03C9-4C26-A2AD-A2820B8116C5}.Debug|Mixed Platforms.Build.0 = Debug|Any CPU
		{9622538C-03C9-4C26-A2AD-A2820B8116C5}.Debug|x86.ActiveCfg = Debug|Any CPU
		{9622538C-03C9-4C26-A2AD-A2820B8116C5}.Release|Any CPU.ActiveCfg = Release|Any CPU
		{9622538C-03C9-4C26-A2AD-A2820B8116C5}.Release|Any CPU.Build.0 = Release|Any CPU
		{9622538C-03C9-4C26-A2AD-A2820B8116C5}.Release|Mixed Platforms.ActiveCfg = Release|Any CPU
		{9622538C-03C9-4C26-A2AD-A2820B8116C5}.Release|Mixed Platforms.Build.0 = Release|Any CPU
		{9622538C-03C9-4C26-A2AD-A2820B8116C5}.Release|x86.ActiveCfg = Release|Any CPU
		{635BD0E3-164E-4BD5-9F3B-CCE452B47230}.Debug|Any CPU.ActiveCfg = Debug|x86
		{635BD0E3-164E-4BD5-9F3B-CCE452B47230}.Debug|Mixed Platforms.ActiveCfg = Debug|x86
		{635BD0E3-164E-4BD5-9F3B-CCE452B47230}.Debug|Mixed Platforms.Build.0 = Debug|x86
		{635BD0E3-164E-4BD5-9F3B-CCE452B47230}.Debug|x86.ActiveCfg = Debug|x86
		{635BD0E3-164E-4BD5-9F3B-CCE452B47230}.Debug|x86.Build.0 = Debug|x86
		{635BD0E3-164E-4BD5-9F3B-CCE452B47230}.Release|Any CPU.ActiveCfg = Release|x86
		{635BD0E3-164E-4BD5-9F3B-CCE452B47230}.Release|Mixed Platforms.ActiveCfg = Release|x86
		{635BD0E3-164E-4BD5-9F3B-CCE452B47230}.Release|x86.ActiveCfg = Release|x86
		{635BD0E3-164E-4BD5-9F3B-CCE452B47230}.Release|x86.Build.0 = Release|x86
	EndGlobalSection
	GlobalSection(SolutionProperties) = preSolution
		HideSolutionNode = FALSE
	EndGlobalSection
	GlobalSection(ExtensibilityGlobals) = postSolution
		SolutionGuid = {3E55CE53-80F0-470A-A89F-336C649F64AB}
	EndGlobalSection
EndGlobal
